// !$*UTF8*$!
{
	archiveVersion = 1;
	classes = {
	};
	objectVersion = 46;
	objects = {

/* Begin PBXBuildFile section */
		3D092B65194FDECE009549C2 /* AppDelegate.swift in Sources */ = {isa = PBXBuildFile; fileRef = 3D092B64194FDECE009549C2 /* AppDelegate.swift */; };
		3D092B67194FDECE009549C2 /* Images.xcassets in Resources */ = {isa = PBXBuildFile; fileRef = 3D092B66194FDECE009549C2 /* Images.xcassets */; };
		3D092B73194FDECF009549C2 /* QuizTests.swift in Sources */ = {isa = PBXBuildFile; fileRef = 3D092B72194FDECF009549C2 /* QuizTests.swift */; };
		3D092B82194FE3A0009549C2 /* QuizViewController.swift in Sources */ = {isa = PBXBuildFile; fileRef = 3D092B80194FE3A0009549C2 /* QuizViewController.swift */; };
		3D092B83194FE3A0009549C2 /* QuizViewController.xib in Resources */ = {isa = PBXBuildFile; fileRef = 3D092B81194FE3A0009549C2 /* QuizViewController.xib */; };
/* End PBXBuildFile section */

/* Begin PBXContainerItemProxy section */
		3D092B6D194FDECF009549C2 /* PBXContainerItemProxy */ = {
			isa = PBXContainerItemProxy;
			containerPortal = 3D092B57194FDECE009549C2 /* Project object */;
			proxyType = 1;
			remoteGlobalIDString = 3D092B5E194FDECE009549C2;
			remoteInfo = Quiz;
		};
/* End PBXContainerItemProxy section */

/* Begin PBXFileReference section */
		3D092B5F194FDECE009549C2 /* Quiz.app */ = {isa = PBXFileReference; explicitFileType = wrapper.application; includeInIndex = 0; path = Quiz.app; sourceTree = BUILT_PRODUCTS_DIR; };
		3D092B63194FDECE009549C2 /* Info.plist */ = {isa = PBXFileReference; lastKnownFileType = text.plist.xml; path = Info.plist; sourceTree = "<group>"; };
		3D092B64194FDECE009549C2 /* AppDelegate.swift */ = {isa = PBXFileReference; lastKnownFileType = sourcecode.swift; path = AppDelegate.swift; sourceTree = "<group>"; };
		3D092B66194FDECE009549C2 /* Images.xcassets */ = {isa = PBXFileReference; lastKnownFileType = folder.assetcatalog; path = Images.xcassets; sourceTree = "<group>"; };
		3D092B6C194FDECE009549C2 /* QuizTests.xctest */ = {isa = PBXFileReference; explicitFileType = wrapper.cfbundle; includeInIndex = 0; path = QuizTests.xctest; sourceTree = BUILT_PRODUCTS_DIR; };
		3D092B71194FDECF009549C2 /* Info.plist */ = {isa = PBXFileReference; lastKnownFileType = text.plist.xml; path = Info.plist; sourceTree = "<group>"; };
		3D092B72194FDECF009549C2 /* QuizTests.swift */ = {isa = PBXFileReference; lastKnownFileType = sourcecode.swift; path = QuizTests.swift; sourceTree = "<group>"; };
		3D092B80194FE3A0009549C2 /* QuizViewController.swift */ = {isa = PBXFileReference; fileEncoding = 4; lastKnownFileType = sourcecode.swift; path = QuizViewController.swift; sourceTree = "<group>"; };
		3D092B81194FE3A0009549C2 /* QuizViewController.xib */ = {isa = PBXFileReference; fileEncoding = 4; lastKnownFileType = file.xib; path = QuizViewController.xib; sourceTree = "<group>"; };
/* End PBXFileReference section */

/* Begin PBXFrameworksBuildPhase section */
		3D092B5C194FDECE009549C2 /* Frameworks */ = {
			isa = PBXFrameworksBuildPhase;
			buildActionMask = 2147483647;
			files = (
			);
			runOnlyForDeploymentPostprocessing = 0;
		};
		3D092B69194FDECE009549C2 /* Frameworks */ = {
			isa = PBXFrameworksBuildPhase;
			buildActionMask = 2147483647;
			files = (
			);
			runOnlyForDeploymentPostprocessing = 0;
		};
/* End PBXFrameworksBuildPhase section */

/* Begin PBXGroup section */
		3D092B56194FDECE009549C2 = {
			isa = PBXGroup;
			children = (
				3D092B61194FDECE009549C2 /* Quiz */,
				3D092B6F194FDECF009549C2 /* QuizTests */,
				3D092B60194FDECE009549C2 /* Products */,
			);
			sourceTree = "<group>";
		};
		3D092B60194FDECE009549C2 /* Products */ = {
			isa = PBXGroup;
			children = (
				3D092B5F194FDECE009549C2 /* Quiz.app */,
				3D092B6C194FDECE009549C2 /* QuizTests.xctest */,
			);
			name = Products;
			sourceTree = "<group>";
		};
		3D092B61194FDECE009549C2 /* Quiz */ = {
			isa = PBXGroup;
			children = (
				3D092B64194FDECE009549C2 /* AppDelegate.swift */,
				3D092B80194FE3A0009549C2 /* QuizViewController.swift */,
				3D092B81194FE3A0009549C2 /* QuizViewController.xib */,
				3D092B66194FDECE009549C2 /* Images.xcassets */,
				3D092B62194FDECE009549C2 /* Supporting Files */,
			);
			path = Quiz;
			sourceTree = "<group>";
		};
		3D092B62194FDECE009549C2 /* Supporting Files */ = {
			isa = PBXGroup;
			children = (
				3D092B63194FDECE009549C2 /* Info.plist */,
			);
			name = "Supporting Files";
			sourceTree = "<group>";
		};
		3D092B6F194FDECF009549C2 /* QuizTests */ = {
			isa = PBXGroup;
			children = (
				3D092B72194FDECF009549C2 /* QuizTests.swift */,
				3D092B70194FDECF009549C2 /* Supporting Files */,
			);
			path = QuizTests;
			sourceTree = "<group>";
		};
		3D092B70194FDECF009549C2 /* Supporting Files */ = {
			isa = PBXGroup;
			children = (
				3D092B71194FDECF009549C2 /* Info.plist */,
			);
			name = "Supporting Files";
			sourceTree = "<group>";
		};
/* End PBXGroup section */

/* Begin PBXNativeTarget section */
		3D092B5E194FDECE009549C2 /* Quiz */ = {
			isa = PBXNativeTarget;
			buildConfigurationList = 3D092B76194FDECF009549C2 /* Build configuration list for PBXNativeTarget "Quiz" */;
			buildPhases = (
				3D092B5B194FDECE009549C2 /* Sources */,
				3D092B5C194FDECE009549C2 /* Frameworks */,
				3D092B5D194FDECE009549C2 /* Resources */,
			);
			buildRules = (
			);
			dependencies = (
			);
			name = Quiz;
			productName = Quiz;
			productReference = 3D092B5F194FDECE009549C2 /* Quiz.app */;
			productType = "com.apple.product-type.application";
		};
		3D092B6B194FDECE009549C2 /* QuizTests */ = {
			isa = PBXNativeTarget;
			buildConfigurationList = 3D092B79194FDECF009549C2 /* Build configuration list for PBXNativeTarget "QuizTests" */;
			buildPhases = (
				3D092B68194FDECE009549C2 /* Sources */,
				3D092B69194FDECE009549C2 /* Frameworks */,
				3D092B6A194FDECE009549C2 /* Resources */,
			);
			buildRules = (
			);
			dependencies = (
				3D092B6E194FDECF009549C2 /* PBXTargetDependency */,
			);
			name = QuizTests;
			productName = QuizTests;
			productReference = 3D092B6C194FDECE009549C2 /* QuizTests.xctest */;
			productType = "com.apple.product-type.bundle.unit-test";
		};
/* End PBXNativeTarget section */

/* Begin PBXProject section */
		3D092B57194FDECE009549C2 /* Project object */ = {
			isa = PBXProject;
			attributes = {
				LastUpgradeCheck = 0600;
				ORGANIZATIONNAME = "Big Nerd Ranch";
				TargetAttributes = {
					3D092B5E194FDECE009549C2 = {
						CreatedOnToolsVersion = 6.0;
					};
					3D092B6B194FDECE009549C2 = {
						CreatedOnToolsVersion = 6.0;
						TestTargetID = 3D092B5E194FDECE009549C2;
					};
				};
			};
			buildConfigurationList = 3D092B5A194FDECE009549C2 /* Build configuration list for PBXProject "Quiz" */;
			compatibilityVersion = "Xcode 3.2";
			developmentRegion = English;
			hasScannedForEncodings = 0;
			knownRegions = (
				en,
			);
			mainGroup = 3D092B56194FDECE009549C2;
			productRefGroup = 3D092B60194FDECE009549C2 /* Products */;
			projectDirPath = "";
			projectRoot = "";
			targets = (
				3D092B5E194FDECE009549C2 /* Quiz */,
				3D092B6B194FDECE009549C2 /* QuizTests */,
			);
		};
/* End PBXProject section */

/* Begin PBXResourcesBuildPhase section */
		3D092B5D194FDECE009549C2 /* Resources */ = {
			isa = PBXResourcesBuildPhase;
			buildActionMask = 2147483647;
			files = (
				3D092B67194FDECE009549C2 /* Images.xcassets in Resources */,
				3D092B83194FE3A0009549C2 /* QuizViewController.xib in Resources */,
			);
			runOnlyForDeploymentPostprocessing = 0;
		};
		3D092B6A194FDECE009549C2 /* Resources */ = {
			isa = PBXResourcesBuildPhase;
			buildActionMask = 2147483647;
			files = (
			);
			runOnlyForDeploymentPostprocessing = 0;
		};
/* End PBXResourcesBuildPhase section */

/* Begin PBXSourcesBuildPhase section */
		3D092B5B194FDECE009549C2 /* Sources */ = {
			isa = PBXSourcesBuildPhase;
			buildActionMask = 2147483647;
			files = (
				3D092B65194FDECE009549C2 /* AppDelegate.swift in Sources */,
				3D092B82194FE3A0009549C2 /* QuizViewController.swift in Sources */,
			);
			runOnlyForDeploymentPostprocessing = 0;
		};
		3D092B68194FDECE009549C2 /* Sources */ = {
			isa = PBXSourcesBuildPhase;
			buildActionMask = 2147483647;
			files = (
				3D092B73194FDECF009549C2 /* QuizTests.swift in Sources */,
			);
			runOnlyForDeploymentPostprocessing = 0;
		};
/* End PBXSourcesBuildPhase section */

/* Begin PBXTargetDependency section */
		3D092B6E194FDECF009549C2 /* PBXTargetDependency */ = {
			isa = PBXTargetDependency;
			target = 3D092B5E194FDECE009549C2 /* Quiz */;
			targetProxy = 3D092B6D194FDECF009549C2 /* PBXContainerItemProxy */;
		};
/* End PBXTargetDependency section */

/* Begin XCBuildConfiguration section */
		3D092B74194FDECF009549C2 /* Debug */ = {
			isa = XCBuildConfiguration;
			buildSettings = {
				ALWAYS_SEARCH_USER_PATHS = NO;
				CLANG_CXX_LANGUAGE_STANDARD = "gnu++0x";
				CLANG_CXX_LIBRARY = "libc++";
				CLANG_ENABLE_MODULES = YES;
				CLANG_ENABLE_OBJC_ARC = YES;
				CLANG_WARN_BOOL_CONVERSION = YES;
				CLANG_WARN_CONSTANT_CONVERSION = YES;
				CLANG_WARN_DIRECT_OBJC_ISA_USAGE = YES_ERROR;
				CLANG_WARN_EMPTY_BODY = YES;
				CLANG_WARN_ENUM_CONVERSION = YES;
				CLANG_WARN_INT_CONVERSION = YES;
				CLANG_WARN_OBJC_ROOT_CLASS = YES_ERROR;
				CLANG_WARN_UNREACHABLE_CODE = YES;
				CLANG_WARN__DUPLICATE_METHOD_MATCH = YES;
				"CODE_SIGN_IDENTITY[sdk=iphoneos*]" = "iPhone Developer";
				COPY_PHASE_STRIP = NO;
				ENABLE_STRICT_OBJC_MSGSEND = YES;
				GCC_C_LANGUAGE_STANDARD = gnu99;
				GCC_DYNAMIC_NO_PIC = NO;
				GCC_OPTIMIZATION_LEVEL = 0;
				GCC_PREPROCESSOR_DEFINITIONS = (
					"DEBUG=1",
					"$(inherited)",
				);
				GCC_SYMBOLS_PRIVATE_EXTERN = NO;
				GCC_WARN_64_TO_32_BIT_CONVERSION = YES;
				GCC_WARN_ABOUT_RETURN_TYPE = YES_ERROR;
				GCC_WARN_UNDECLARED_SELECTOR = YES;
				GCC_WARN_UNINITIALIZED_AUTOS = YES_AGGRESSIVE;
				GCC_WARN_UNUSED_FUNCTION = YES;
				GCC_WARN_UNUSED_VARIABLE = YES;
				IPHONEOS_DEPLOYMENT_TARGET = 8.0;
				METAL_ENABLE_DEBUG_INFO = YES;
				ONLY_ACTIVE_ARCH = YES;
				SDKROOT = iphoneos;
				SWIFT_OPTIMIZATION_LEVEL = "-Onone";
			};
			name = Debug;
		};
		3D092B75194FDECF009549C2 /* Release */ = {
			isa = XCBuildConfiguration;
			buildSettings = {
				ALWAYS_SEARCH_USER_PATHS = NO;
				CLANG_CXX_LANGUAGE_STANDARD = "gnu++0x";
				CLANG_CXX_LIBRARY = "libc++";
				CLANG_ENABLE_MODULES = YES;
				CLANG_ENABLE_OBJC_ARC = YES;
				CLANG_WARN_BOOL_CONVERSION = YES;
				CLANG_WARN_CONSTANT_CONVERSION = YES;
				CLANG_WARN_DIRECT_OBJC_ISA_USAGE = YES_ERROR;
				CLANG_WARN_EMPTY_BODY = YES;
				CLANG_WARN_ENUM_CONVERSION = YES;
				CLANG_WARN_INT_CONVERSION = YES;
				CLANG_WARN_OBJC_ROOT_CLASS = YES_ERROR;
				CLANG_WARN_UNREACHABLE_CODE = YES;
				CLANG_WARN__DUPLICATE_METHOD_MATCH = YES;
				"CODE_SIGN_IDENTITY[sdk=iphoneos*]" = "iPhone Developer";
				COPY_PHASE_STRIP = YES;
				ENABLE_NS_ASSERTIONS = NO;
				ENABLE_STRICT_OBJC_MSGSEND = YES;
				GCC_C_LANGUAGE_STANDARD = gnu99;
				GCC_WARN_64_TO_32_BIT_CONVERSION = YES;
				GCC_WARN_ABOUT_RETURN_TYPE = YES_ERROR;
				GCC_WARN_UNDECLARED_SELECTOR = YES;
				GCC_WARN_UNINITIALIZED_AUTOS = YES_AGGRESSIVE;
				GCC_WARN_UNUSED_FUNCTION = YES;
				GCC_WARN_UNUSED_VARIABLE = YES;
				IPHONEOS_DEPLOYMENT_TARGET = 8.0;
				METAL_ENABLE_DEBUG_INFO = NO;
				SDKROOT = iphoneos;
				VALIDATE_PRODUCT = YES;
			};
			name = Release;
		};
		3D092B77194FDECF009549C2 /* Debug */ = {
			isa = XCBuildConfiguration;
			buildSettings = {
				ASSETCATALOG_COMPILER_APPICON_NAME = AppIcon;
				ASSETCATALOG_COMPILER_LAUNCHIMAGE_NAME = LaunchImage;
				INFOPLIST_FILE = Quiz/Info.plist;
				IPHONEOS_DEPLOYMENT_TARGET = 8.0;
				LD_RUNPATH_SEARCH_PATHS = "$(inherited) @executable_path/Frameworks";
				PRODUCT_NAME = "$(TARGET_NAME)";
				TARGETED_DEVICE_FAMILY = "1,2";
			};
			name = Debug;
		};
		3D092B78194FDECF009549C2 /* Release */ = {
			isa = XCBuildConfiguration;
			buildSettings = {
				ASSETCATALOG_COMPILER_APPICON_NAME = AppIcon;
				ASSETCATALOG_COMPILER_LAUNCHIMAGE_NAME = LaunchImage;
				INFOPLIST_FILE = Quiz/Info.plist;
				IPHONEOS_DEPLOYMENT_TARGET = 8.0;
				LD_RUNPATH_SEARCH_PATHS = "$(inherited) @executable_path/Frameworks";
				PRODUCT_NAME = "$(TARGET_NAME)";
				TARGETED_DEVICE_FAMILY = "1,2";
			};
			name = Release;
		};
		3D092B7A194FDECF009549C2 /* Debug */ = {
			isa = XCBuildConfiguration;
			buildSettings = {
				BUNDLE_LOADER = "$(BUILT_PRODUCTS_DIR)/Quiz.app/Quiz";
				FRAMEWORK_SEARCH_PATHS = (
					"$(SDKROOT)/Developer/Library/Frameworks",
					"$(inherited)",
				);
				GCC_PREPROCESSOR_DEFINITIONS = (
					"DEBUG=1",
					"$(inherited)",
				);
				INFOPLIST_FILE = QuizTests/Info.plist;
				LD_RUNPATH_SEARCH_PATHS = "$(inherited) @executable_path/Frameworks @loader_path/Frameworks";
				METAL_ENABLE_DEBUG_INFO = YES;
				PRODUCT_NAME = "$(TARGET_NAME)";
				TEST_HOST = "$(BUNDLE_LOADER)";
			};
			name = Debug;
		};
		3D092B7B194FDECF009549C2 /* Release */ = {
			isa = XCBuildConfiguration;
			buildSettings = {
				BUNDLE_LOADER = "$(BUILT_PRODUCTS_DIR)/Quiz.app/Quiz";
				FRAMEWORK_SEARCH_PATHS = (
					"$(SDKROOT)/Developer/Library/Frameworks",
					"$(inherited)",
				);
				INFOPLIST_FILE = QuizTests/Info.plist;
				LD_RUNPATH_SEARCH_PATHS = "$(inherited) @executable_path/Frameworks @loader_path/Frameworks";
				METAL_ENABLE_DEBUG_INFO = NO;
				PRODUCT_NAME = "$(TARGET_NAME)";
				TEST_HOST = "$(BUNDLE_LOADER)";
			};
			name = Release;
		};
/* End XCBuildConfiguration section */

/* Begin XCConfigurationList section */
		3D092B5A194FDECE009549C2 /* Build configuration list for PBXProject "Quiz" */ = {
			isa = XCConfigurationList;
			buildConfigurations = (
				3D092B74194FDECF009549C2 /* Debug */,
				3D092B75194FDECF009549C2 /* Release */,
			);
			defaultConfigurationIsVisible = 0;
			defaultConfigurationName = Release;
		};
		3D092B76194FDECF009549C2 /* Build configuration list for PBXNativeTarget "Quiz" */ = {
			isa = XCConfigurationList;
			buildConfigurations = (
				3D092B77194FDECF009549C2 /* Debug */,
				3D092B78194FDECF009549C2 /* Release */,
			);
			defaultConfigurationIsVisible = 0;
			defaultConfigurationName = Release;
		};
		3D092B79194FDECF009549C2 /* Build configuration list for PBXNativeTarget "QuizTests" */ = {
			isa = XCConfigurationList;
			buildConfigurations = (
				3D092B7A194FDECF009549C2 /* Debug */,
				3D092B7B194FDECF009549C2 /* Release */,
			);
			defaultConfigurationIsVisible = 0;
			defaultConfigurationName = Release;
		};
/* End XCConfigurationList section */
	};
	rootObject = 3D092B57194FDECE009549C2 /* Project object */;
}
