// !$*UTF8*$!
{
	archiveVersion = 1;
	classes = {
	};
	objectVersion = 46;
	objects = {

/* Begin PBXBuildFile section */
		3D68A3CF194FFB1C00507D95 /* AppDelegate.swift in Sources */ = {isa = PBXBuildFile; fileRef = 3D68A3CE194FFB1C00507D95 /* AppDelegate.swift */; };
		3D68A3D1194FFB1C00507D95 /* Images.xcassets in Resources */ = {isa = PBXBuildFile; fileRef = 3D68A3D0194FFB1C00507D95 /* Images.xcassets */; };
		3D68A3DD194FFB1C00507D95 /* HypnosisterTests.swift in Sources */ = {isa = PBXBuildFile; fileRef = 3D68A3DC194FFB1C00507D95 /* HypnosisterTests.swift */; };
		3D68A3E7194FFBA900507D95 /* HypnosisView.swift in Sources */ = {isa = PBXBuildFile; fileRef = 3D68A3E6194FFBA900507D95 /* HypnosisView.swift */; };
/* End PBXBuildFile section */

/* Begin PBXContainerItemProxy section */
		3D68A3D7194FFB1C00507D95 /* PBXContainerItemProxy */ = {
			isa = PBXContainerItemProxy;
			containerPortal = 3D68A3C1194FFB1C00507D95 /* Project object */;
			proxyType = 1;
			remoteGlobalIDString = 3D68A3C8194FFB1C00507D95;
			remoteInfo = Hypnosister;
		};
/* End PBXContainerItemProxy section */

/* Begin PBXFileReference section */
		3D68A3C9194FFB1C00507D95 /* Hypnosister.app */ = {isa = PBXFileReference; explicitFileType = wrapper.application; includeInIndex = 0; path = Hypnosister.app; sourceTree = BUILT_PRODUCTS_DIR; };
		3D68A3CD194FFB1C00507D95 /* Info.plist */ = {isa = PBXFileReference; lastKnownFileType = text.plist.xml; path = Info.plist; sourceTree = "<group>"; };
		3D68A3CE194FFB1C00507D95 /* AppDelegate.swift */ = {isa = PBXFileReference; lastKnownFileType = sourcecode.swift; path = AppDelegate.swift; sourceTree = "<group>"; };
		3D68A3D0194FFB1C00507D95 /* Images.xcassets */ = {isa = PBXFileReference; lastKnownFileType = folder.assetcatalog; path = Images.xcassets; sourceTree = "<group>"; };
		3D68A3D6194FFB1C00507D95 /* HypnosisterTests.xctest */ = {isa = PBXFileReference; explicitFileType = wrapper.cfbundle; includeInIndex = 0; path = HypnosisterTests.xctest; sourceTree = BUILT_PRODUCTS_DIR; };
		3D68A3DB194FFB1C00507D95 /* Info.plist */ = {isa = PBXFileReference; lastKnownFileType = text.plist.xml; path = Info.plist; sourceTree = "<group>"; };
		3D68A3DC194FFB1C00507D95 /* HypnosisterTests.swift */ = {isa = PBXFileReference; lastKnownFileType = sourcecode.swift; path = HypnosisterTests.swift; sourceTree = "<group>"; };
		3D68A3E6194FFBA900507D95 /* HypnosisView.swift */ = {isa = PBXFileReference; fileEncoding = 4; lastKnownFileType = sourcecode.swift; path = HypnosisView.swift; sourceTree = "<group>"; };
/* End PBXFileReference section */

/* Begin PBXFrameworksBuildPhase section */
		3D68A3C6194FFB1C00507D95 /* Frameworks */ = {
			isa = PBXFrameworksBuildPhase;
			buildActionMask = 2147483647;
			files = (
			);
			runOnlyForDeploymentPostprocessing = 0;
		};
		3D68A3D3194FFB1C00507D95 /* Frameworks */ = {
			isa = PBXFrameworksBuildPhase;
			buildActionMask = 2147483647;
			files = (
			);
			runOnlyForDeploymentPostprocessing = 0;
		};
/* End PBXFrameworksBuildPhase section */

/* Begin PBXGroup section */
		3D68A3C0194FFB1C00507D95 = {
			isa = PBXGroup;
			children = (
				3D68A3CB194FFB1C00507D95 /* Hypnosister */,
				3D68A3D9194FFB1C00507D95 /* HypnosisterTests */,
				3D68A3CA194FFB1C00507D95 /* Products */,
			);
			sourceTree = "<group>";
		};
		3D68A3CA194FFB1C00507D95 /* Products */ = {
			isa = PBXGroup;
			children = (
				3D68A3C9194FFB1C00507D95 /* Hypnosister.app */,
				3D68A3D6194FFB1C00507D95 /* HypnosisterTests.xctest */,
			);
			name = Products;
			sourceTree = "<group>";
		};
		3D68A3CB194FFB1C00507D95 /* Hypnosister */ = {
			isa = PBXGroup;
			children = (
				3D68A3CE194FFB1C00507D95 /* AppDelegate.swift */,
				3D68A3E6194FFBA900507D95 /* HypnosisView.swift */,
				3D68A3D0194FFB1C00507D95 /* Images.xcassets */,
				3D68A3CC194FFB1C00507D95 /* Supporting Files */,
			);
			path = Hypnosister;
			sourceTree = "<group>";
		};
		3D68A3CC194FFB1C00507D95 /* Supporting Files */ = {
			isa = PBXGroup;
			children = (
				3D68A3CD194FFB1C00507D95 /* Info.plist */,
			);
			name = "Supporting Files";
			sourceTree = "<group>";
		};
		3D68A3D9194FFB1C00507D95 /* HypnosisterTests */ = {
			isa = PBXGroup;
			children = (
				3D68A3DC194FFB1C00507D95 /* HypnosisterTests.swift */,
				3D68A3DA194FFB1C00507D95 /* Supporting Files */,
			);
			path = HypnosisterTests;
			sourceTree = "<group>";
		};
		3D68A3DA194FFB1C00507D95 /* Supporting Files */ = {
			isa = PBXGroup;
			children = (
				3D68A3DB194FFB1C00507D95 /* Info.plist */,
			);
			name = "Supporting Files";
			sourceTree = "<group>";
		};
/* End PBXGroup section */

/* Begin PBXNativeTarget section */
		3D68A3C8194FFB1C00507D95 /* Hypnosister */ = {
			isa = PBXNativeTarget;
			buildConfigurationList = 3D68A3E0194FFB1C00507D95 /* Build configuration list for PBXNativeTarget "Hypnosister" */;
			buildPhases = (
				3D68A3C5194FFB1C00507D95 /* Sources */,
				3D68A3C6194FFB1C00507D95 /* Frameworks */,
				3D68A3C7194FFB1C00507D95 /* Resources */,
			);
			buildRules = (
			);
			dependencies = (
			);
			name = Hypnosister;
			productName = Hypnosister;
			productReference = 3D68A3C9194FFB1C00507D95 /* Hypnosister.app */;
			productType = "com.apple.product-type.application";
		};
		3D68A3D5194FFB1C00507D95 /* HypnosisterTests */ = {
			isa = PBXNativeTarget;
			buildConfigurationList = 3D68A3E3194FFB1C00507D95 /* Build configuration list for PBXNativeTarget "HypnosisterTests" */;
			buildPhases = (
				3D68A3D2194FFB1C00507D95 /* Sources */,
				3D68A3D3194FFB1C00507D95 /* Frameworks */,
				3D68A3D4194FFB1C00507D95 /* Resources */,
			);
			buildRules = (
			);
			dependencies = (
				3D68A3D8194FFB1C00507D95 /* PBXTargetDependency */,
			);
			name = HypnosisterTests;
			productName = HypnosisterTests;
			productReference = 3D68A3D6194FFB1C00507D95 /* HypnosisterTests.xctest */;
			productType = "com.apple.product-type.bundle.unit-test";
		};
/* End PBXNativeTarget section */

/* Begin PBXProject section */
		3D68A3C1194FFB1C00507D95 /* Project object */ = {
			isa = PBXProject;
			attributes = {
				LastUpgradeCheck = 0600;
				ORGANIZATIONNAME = "Big Nerd Ranch";
				TargetAttributes = {
					3D68A3C8194FFB1C00507D95 = {
						CreatedOnToolsVersion = 6.0;
					};
					3D68A3D5194FFB1C00507D95 = {
						CreatedOnToolsVersion = 6.0;
						TestTargetID = 3D68A3C8194FFB1C00507D95;
					};
				};
			};
			buildConfigurationList = 3D68A3C4194FFB1C00507D95 /* Build configuration list for PBXProject "Hypnosister" */;
			compatibilityVersion = "Xcode 3.2";
			developmentRegion = English;
			hasScannedForEncodings = 0;
			knownRegions = (
				en,
			);
			mainGroup = 3D68A3C0194FFB1C00507D95;
			productRefGroup = 3D68A3CA194FFB1C00507D95 /* Products */;
			projectDirPath = "";
			projectRoot = "";
			targets = (
				3D68A3C8194FFB1C00507D95 /* Hypnosister */,
				3D68A3D5194FFB1C00507D95 /* HypnosisterTests */,
			);
		};
/* End PBXProject section */

/* Begin PBXResourcesBuildPhase section */
		3D68A3C7194FFB1C00507D95 /* Resources */ = {
			isa = PBXResourcesBuildPhase;
			buildActionMask = 2147483647;
			files = (
				3D68A3D1194FFB1C00507D95 /* Images.xcassets in Resources */,
			);
			runOnlyForDeploymentPostprocessing = 0;
		};
		3D68A3D4194FFB1C00507D95 /* Resources */ = {
			isa = PBXResourcesBuildPhase;
			buildActionMask = 2147483647;
			files = (
			);
			runOnlyForDeploymentPostprocessing = 0;
		};
/* End PBXResourcesBuildPhase section */

/* Begin PBXSourcesBuildPhase section */
		3D68A3C5194FFB1C00507D95 /* Sources */ = {
			isa = PBXSourcesBuildPhase;
			buildActionMask = 2147483647;
			files = (
				3D68A3CF194FFB1C00507D95 /* AppDelegate.swift in Sources */,
				3D68A3E7194FFBA900507D95 /* HypnosisView.swift in Sources */,
			);
			runOnlyForDeploymentPostprocessing = 0;
		};
		3D68A3D2194FFB1C00507D95 /* Sources */ = {
			isa = PBXSourcesBuildPhase;
			buildActionMask = 2147483647;
			files = (
				3D68A3DD194FFB1C00507D95 /* HypnosisterTests.swift in Sources */,
			);
			runOnlyForDeploymentPostprocessing = 0;
		};
/* End PBXSourcesBuildPhase section */

/* Begin PBXTargetDependency section */
		3D68A3D8194FFB1C00507D95 /* PBXTargetDependency */ = {
			isa = PBXTargetDependency;
			target = 3D68A3C8194FFB1C00507D95 /* Hypnosister */;
			targetProxy = 3D68A3D7194FFB1C00507D95 /* PBXContainerItemProxy */;
		};
/* End PBXTargetDependency section */

/* Begin XCBuildConfiguration section */
		3D68A3DE194FFB1C00507D95 /* Debug */ = {
			isa = XCBuildConfiguration;
			buildSettings = {
				ALWAYS_SEARCH_USER_PATHS = NO;
				CLANG_CXX_LANGUAGE_STANDARD = "gnu++0x";
				CLANG_CXX_LIBRARY = "libc++";
				CLANG_ENABLE_MODULES = YES;
				CLANG_ENABLE_OBJC_ARC = YES;
				CLANG_WARN_BOOL_CONVERSION = YES;
				CLANG_WARN_CONSTANT_CONVERSION = YES;
				CLANG_WARN_DIRECT_OBJC_ISA_USAGE = YES_ERROR;
				CLANG_WARN_EMPTY_BODY = YES;
				CLANG_WARN_ENUM_CONVERSION = YES;
				CLANG_WARN_INT_CONVERSION = YES;
				CLANG_WARN_OBJC_ROOT_CLASS = YES_ERROR;
				CLANG_WARN_UNREACHABLE_CODE = YES;
				CLANG_WARN__DUPLICATE_METHOD_MATCH = YES;
				"CODE_SIGN_IDENTITY[sdk=iphoneos*]" = "iPhone Developer";
				COPY_PHASE_STRIP = NO;
				ENABLE_STRICT_OBJC_MSGSEND = YES;
				GCC_C_LANGUAGE_STANDARD = gnu99;
				GCC_DYNAMIC_NO_PIC = NO;
				GCC_OPTIMIZATION_LEVEL = 0;
				GCC_PREPROCESSOR_DEFINITIONS = (
					"DEBUG=1",
					"$(inherited)",
				);
				GCC_SYMBOLS_PRIVATE_EXTERN = NO;
				GCC_WARN_64_TO_32_BIT_CONVERSION = YES;
				GCC_WARN_ABOUT_RETURN_TYPE = YES_ERROR;
				GCC_WARN_UNDECLARED_SELECTOR = YES;
				GCC_WARN_UNINITIALIZED_AUTOS = YES_AGGRESSIVE;
				GCC_WARN_UNUSED_FUNCTION = YES;
				GCC_WARN_UNUSED_VARIABLE = YES;
				IPHONEOS_DEPLOYMENT_TARGET = 8.0;
				METAL_ENABLE_DEBUG_INFO = YES;
				ONLY_ACTIVE_ARCH = YES;
				SDKROOT = iphoneos;
				SWIFT_OPTIMIZATION_LEVEL = "-Onone";
			};
			name = Debug;
		};
		3D68A3DF194FFB1C00507D95 /* Release */ = {
			isa = XCBuildConfiguration;
			buildSettings = {
				ALWAYS_SEARCH_USER_PATHS = NO;
				CLANG_CXX_LANGUAGE_STANDARD = "gnu++0x";
				CLANG_CXX_LIBRARY = "libc++";
				CLANG_ENABLE_MODULES = YES;
				CLANG_ENABLE_OBJC_ARC = YES;
				CLANG_WARN_BOOL_CONVERSION = YES;
				CLANG_WARN_CONSTANT_CONVERSION = YES;
				CLANG_WARN_DIRECT_OBJC_ISA_USAGE = YES_ERROR;
				CLANG_WARN_EMPTY_BODY = YES;
				CLANG_WARN_ENUM_CONVERSION = YES;
				CLANG_WARN_INT_CONVERSION = YES;
				CLANG_WARN_OBJC_ROOT_CLASS = YES_ERROR;
				CLANG_WARN_UNREACHABLE_CODE = YES;
				CLANG_WARN__DUPLICATE_METHOD_MATCH = YES;
				"CODE_SIGN_IDENTITY[sdk=iphoneos*]" = "iPhone Developer";
				COPY_PHASE_STRIP = YES;
				ENABLE_NS_ASSERTIONS = NO;
				ENABLE_STRICT_OBJC_MSGSEND = YES;
				GCC_C_LANGUAGE_STANDARD = gnu99;
				GCC_WARN_64_TO_32_BIT_CONVERSION = YES;
				GCC_WARN_ABOUT_RETURN_TYPE = YES_ERROR;
				GCC_WARN_UNDECLARED_SELECTOR = YES;
				GCC_WARN_UNINITIALIZED_AUTOS = YES_AGGRESSIVE;
				GCC_WARN_UNUSED_FUNCTION = YES;
				GCC_WARN_UNUSED_VARIABLE = YES;
				IPHONEOS_DEPLOYMENT_TARGET = 8.0;
				METAL_ENABLE_DEBUG_INFO = NO;
				SDKROOT = iphoneos;
				VALIDATE_PRODUCT = YES;
			};
			name = Release;
		};
		3D68A3E1194FFB1C00507D95 /* Debug */ = {
			isa = XCBuildConfiguration;
			buildSettings = {
				ASSETCATALOG_COMPILER_APPICON_NAME = AppIcon;
				ASSETCATALOG_COMPILER_LAUNCHIMAGE_NAME = LaunchImage;
				INFOPLIST_FILE = Hypnosister/Info.plist;
				LD_RUNPATH_SEARCH_PATHS = "$(inherited) @executable_path/Frameworks";
				PRODUCT_NAME = "$(TARGET_NAME)";
			};
			name = Debug;
		};
		3D68A3E2194FFB1C00507D95 /* Release */ = {
			isa = XCBuildConfiguration;
			buildSettings = {
				ASSETCATALOG_COMPILER_APPICON_NAME = AppIcon;
				ASSETCATALOG_COMPILER_LAUNCHIMAGE_NAME = LaunchImage;
				INFOPLIST_FILE = Hypnosister/Info.plist;
				LD_RUNPATH_SEARCH_PATHS = "$(inherited) @executable_path/Frameworks";
				PRODUCT_NAME = "$(TARGET_NAME)";
			};
			name = Release;
		};
		3D68A3E4194FFB1C00507D95 /* Debug */ = {
			isa = XCBuildConfiguration;
			buildSettings = {
				BUNDLE_LOADER = "$(BUILT_PRODUCTS_DIR)/Hypnosister.app/Hypnosister";
				FRAMEWORK_SEARCH_PATHS = (
					"$(SDKROOT)/Developer/Library/Frameworks",
					"$(inherited)",
				);
				GCC_PREPROCESSOR_DEFINITIONS = (
					"DEBUG=1",
					"$(inherited)",
				);
				INFOPLIST_FILE = HypnosisterTests/Info.plist;
				LD_RUNPATH_SEARCH_PATHS = "$(inherited) @executable_path/Frameworks @loader_path/Frameworks";
				METAL_ENABLE_DEBUG_INFO = YES;
				PRODUCT_NAME = "$(TARGET_NAME)";
				TEST_HOST = "$(BUNDLE_LOADER)";
			};
			name = Debug;
		};
		3D68A3E5194FFB1C00507D95 /* Release */ = {
			isa = XCBuildConfiguration;
			buildSettings = {
				BUNDLE_LOADER = "$(BUILT_PRODUCTS_DIR)/Hypnosister.app/Hypnosister";
				FRAMEWORK_SEARCH_PATHS = (
					"$(SDKROOT)/Developer/Library/Frameworks",
					"$(inherited)",
				);
				INFOPLIST_FILE = HypnosisterTests/Info.plist;
				LD_RUNPATH_SEARCH_PATHS = "$(inherited) @executable_path/Frameworks @loader_path/Frameworks";
				METAL_ENABLE_DEBUG_INFO = NO;
				PRODUCT_NAME = "$(TARGET_NAME)";
				TEST_HOST = "$(BUNDLE_LOADER)";
			};
			name = Release;
		};
/* End XCBuildConfiguration section */

/* Begin XCConfigurationList section */
		3D68A3C4194FFB1C00507D95 /* Build configuration list for PBXProject "Hypnosister" */ = {
			isa = XCConfigurationList;
			buildConfigurations = (
				3D68A3DE194FFB1C00507D95 /* Debug */,
				3D68A3DF194FFB1C00507D95 /* Release */,
			);
			defaultConfigurationIsVisible = 0;
			defaultConfigurationName = Release;
		};
		3D68A3E0194FFB1C00507D95 /* Build configuration list for PBXNativeTarget "Hypnosister" */ = {
			isa = XCConfigurationList;
			buildConfigurations = (
				3D68A3E1194FFB1C00507D95 /* Debug */,
				3D68A3E2194FFB1C00507D95 /* Release */,
			);
			defaultConfigurationIsVisible = 0;
		};
		3D68A3E3194FFB1C00507D95 /* Build configuration list for PBXNativeTarget "HypnosisterTests" */ = {
			isa = XCConfigurationList;
			buildConfigurations = (
				3D68A3E4194FFB1C00507D95 /* Debug */,
				3D68A3E5194FFB1C00507D95 /* Release */,
			);
			defaultConfigurationIsVisible = 0;
		};
/* End XCConfigurationList section */
	};
	rootObject = 3D68A3C1194FFB1C00507D95 /* Project object */;
}
